// !$*UTF8*$!
{
	archiveVersion = 1;
	classes = {
	};
	objectVersion = 50;
	objects = {

/* Begin PBXBuildFile section */
		EC37CEB223D6DF3A002F52B2 /* RatingControl.swift in Sources */ = {isa = PBXBuildFile; fileRef = EC37CEB123D6DF3A002F52B2 /* RatingControl.swift */; };
		EC37CEB423D85F16002F52B2 /* Meal.swift in Sources */ = {isa = PBXBuildFile; fileRef = EC37CEB323D85F15002F52B2 /* Meal.swift */; };
		EC37CEBE23D865E9002F52B2 /* FirstAppTests.swift in Sources */ = {isa = PBXBuildFile; fileRef = EC37CEBD23D865E9002F52B2 /* FirstAppTests.swift */; };
		EC37CEC623D98710002F52B2 /* MealTableViewCell.swift in Sources */ = {isa = PBXBuildFile; fileRef = EC37CEC523D98710002F52B2 /* MealTableViewCell.swift */; };
		EC37CEC823D9971E002F52B2 /* MealTableViewController.swift in Sources */ = {isa = PBXBuildFile; fileRef = EC37CEC723D9971E002F52B2 /* MealTableViewController.swift */; };
		ECFBE52F23CF2A3700E0646D /* AppDelegate.swift in Sources */ = {isa = PBXBuildFile; fileRef = ECFBE52E23CF2A3700E0646D /* AppDelegate.swift */; };
		ECFBE53123CF2A3700E0646D /* SceneDelegate.swift in Sources */ = {isa = PBXBuildFile; fileRef = ECFBE53023CF2A3700E0646D /* SceneDelegate.swift */; };
		ECFBE53323CF2A3700E0646D /* MealViewController.swift in Sources */ = {isa = PBXBuildFile; fileRef = ECFBE53223CF2A3700E0646D /* MealViewController.swift */; };
		ECFBE53623CF2A3700E0646D /* Main.storyboard in Resources */ = {isa = PBXBuildFile; fileRef = ECFBE53423CF2A3700E0646D /* Main.storyboard */; };
		ECFBE53823CF2A3800E0646D /* Assets.xcassets in Resources */ = {isa = PBXBuildFile; fileRef = ECFBE53723CF2A3800E0646D /* Assets.xcassets */; };
		ECFBE53B23CF2A3800E0646D /* LaunchScreen.storyboard in Resources */ = {isa = PBXBuildFile; fileRef = ECFBE53923CF2A3800E0646D /* LaunchScreen.storyboard */; };
/* End PBXBuildFile section */

/* Begin PBXContainerItemProxy section */
		EC37CEC023D865E9002F52B2 /* PBXContainerItemProxy */ = {
			isa = PBXContainerItemProxy;
			containerPortal = ECFBE52323CF2A3700E0646D /* Project object */;
			proxyType = 1;
			remoteGlobalIDString = ECFBE52A23CF2A3700E0646D;
			remoteInfo = FirstApp;
		};
/* End PBXContainerItemProxy section */

/* Begin PBXFileReference section */
		EC37CEB123D6DF3A002F52B2 /* RatingControl.swift */ = {isa = PBXFileReference; lastKnownFileType = sourcecode.swift; path = RatingControl.swift; sourceTree = "<group>"; };
		EC37CEB323D85F15002F52B2 /* Meal.swift */ = {isa = PBXFileReference; lastKnownFileType = sourcecode.swift; path = Meal.swift; sourceTree = "<group>"; };
		EC37CEBB23D865E9002F52B2 /* FirstAppTests.xctest */ = {isa = PBXFileReference; explicitFileType = wrapper.cfbundle; includeInIndex = 0; path = FirstAppTests.xctest; sourceTree = BUILT_PRODUCTS_DIR; };
		EC37CEBD23D865E9002F52B2 /* FirstAppTests.swift */ = {isa = PBXFileReference; lastKnownFileType = sourcecode.swift; path = FirstAppTests.swift; sourceTree = "<group>"; };
		EC37CEBF23D865E9002F52B2 /* Info.plist */ = {isa = PBXFileReference; lastKnownFileType = text.plist.xml; path = Info.plist; sourceTree = "<group>"; };
		EC37CEC523D98710002F52B2 /* MealTableViewCell.swift */ = {isa = PBXFileReference; lastKnownFileType = sourcecode.swift; path = MealTableViewCell.swift; sourceTree = "<group>"; };
		EC37CEC723D9971E002F52B2 /* MealTableViewController.swift */ = {isa = PBXFileReference; lastKnownFileType = sourcecode.swift; path = MealTableViewController.swift; sourceTree = "<group>"; };
		ECFBE52B23CF2A3700E0646D /* FirstApp.app */ = {isa = PBXFileReference; explicitFileType = wrapper.application; includeInIndex = 0; path = FirstApp.app; sourceTree = BUILT_PRODUCTS_DIR; };
		ECFBE52E23CF2A3700E0646D /* AppDelegate.swift */ = {isa = PBXFileReference; lastKnownFileType = sourcecode.swift; path = AppDelegate.swift; sourceTree = "<group>"; };
		ECFBE53023CF2A3700E0646D /* SceneDelegate.swift */ = {isa = PBXFileReference; lastKnownFileType = sourcecode.swift; path = SceneDelegate.swift; sourceTree = "<group>"; };
		ECFBE53223CF2A3700E0646D /* MealViewController.swift */ = {isa = PBXFileReference; lastKnownFileType = sourcecode.swift; path = MealViewController.swift; sourceTree = "<group>"; };
		ECFBE53523CF2A3700E0646D /* Base */ = {isa = PBXFileReference; lastKnownFileType = file.storyboard; name = Base; path = Base.lproj/Main.storyboard; sourceTree = "<group>"; };
		ECFBE53723CF2A3800E0646D /* Assets.xcassets */ = {isa = PBXFileReference; lastKnownFileType = folder.assetcatalog; path = Assets.xcassets; sourceTree = "<group>"; };
		ECFBE53A23CF2A3800E0646D /* Base */ = {isa = PBXFileReference; lastKnownFileType = file.storyboard; name = Base; path = Base.lproj/LaunchScreen.storyboard; sourceTree = "<group>"; };
		ECFBE53C23CF2A3800E0646D /* Info.plist */ = {isa = PBXFileReference; lastKnownFileType = text.plist.xml; path = Info.plist; sourceTree = "<group>"; };
/* End PBXFileReference section */

/* Begin PBXFrameworksBuildPhase section */
		EC37CEB823D865E9002F52B2 /* Frameworks */ = {
			isa = PBXFrameworksBuildPhase;
			buildActionMask = 2147483647;
			files = (
			);
			runOnlyForDeploymentPostprocessing = 0;
		};
		ECFBE52823CF2A3700E0646D /* Frameworks */ = {
			isa = PBXFrameworksBuildPhase;
			buildActionMask = 2147483647;
			files = (
			);
			runOnlyForDeploymentPostprocessing = 0;
		};
/* End PBXFrameworksBuildPhase section */

/* Begin PBXGroup section */
		EC37CEBC23D865E9002F52B2 /* FirstAppTests */ = {
			isa = PBXGroup;
			children = (
				EC37CEBD23D865E9002F52B2 /* FirstAppTests.swift */,
				EC37CEBF23D865E9002F52B2 /* Info.plist */,
			);
			path = FirstAppTests;
			sourceTree = "<group>";
		};
		ECFBE52223CF2A3700E0646D = {
			isa = PBXGroup;
			children = (
				ECFBE52D23CF2A3700E0646D /* FirstApp */,
				EC37CEBC23D865E9002F52B2 /* FirstAppTests */,
				ECFBE52C23CF2A3700E0646D /* Products */,
			);
			sourceTree = "<group>";
		};
		ECFBE52C23CF2A3700E0646D /* Products */ = {
			isa = PBXGroup;
			children = (
				ECFBE52B23CF2A3700E0646D /* FirstApp.app */,
				EC37CEBB23D865E9002F52B2 /* FirstAppTests.xctest */,
			);
			name = Products;
			sourceTree = "<group>";
		};
		ECFBE52D23CF2A3700E0646D /* FirstApp */ = {
			isa = PBXGroup;
			children = (
				ECFBE52E23CF2A3700E0646D /* AppDelegate.swift */,
				ECFBE53023CF2A3700E0646D /* SceneDelegate.swift */,
				ECFBE53223CF2A3700E0646D /* MealViewController.swift */,
				EC37CEB123D6DF3A002F52B2 /* RatingControl.swift */,
				EC37CEC523D98710002F52B2 /* MealTableViewCell.swift */,
				EC37CEC723D9971E002F52B2 /* MealTableViewController.swift */,
				EC37CEB323D85F15002F52B2 /* Meal.swift */,
				ECFBE53423CF2A3700E0646D /* Main.storyboard */,
				ECFBE53723CF2A3800E0646D /* Assets.xcassets */,
				ECFBE53923CF2A3800E0646D /* LaunchScreen.storyboard */,
				ECFBE53C23CF2A3800E0646D /* Info.plist */,
			);
			path = FirstApp;
			sourceTree = "<group>";
		};
/* End PBXGroup section */

/* Begin PBXNativeTarget section */
		EC37CEBA23D865E9002F52B2 /* FirstAppTests */ = {
			isa = PBXNativeTarget;
			buildConfigurationList = EC37CEC223D865E9002F52B2 /* Build configuration list for PBXNativeTarget "FirstAppTests" */;
			buildPhases = (
				EC37CEB723D865E9002F52B2 /* Sources */,
				EC37CEB823D865E9002F52B2 /* Frameworks */,
				EC37CEB923D865E9002F52B2 /* Resources */,
			);
			buildRules = (
			);
			dependencies = (
				EC37CEC123D865E9002F52B2 /* PBXTargetDependency */,
			);
			name = FirstAppTests;
			productName = FirstAppTests;
			productReference = EC37CEBB23D865E9002F52B2 /* FirstAppTests.xctest */;
			productType = "com.apple.product-type.bundle.unit-test";
		};
		ECFBE52A23CF2A3700E0646D /* FirstApp */ = {
			isa = PBXNativeTarget;
			buildConfigurationList = ECFBE53F23CF2A3800E0646D /* Build configuration list for PBXNativeTarget "FirstApp" */;
			buildPhases = (
				ECFBE52723CF2A3700E0646D /* Sources */,
				ECFBE52823CF2A3700E0646D /* Frameworks */,
				ECFBE52923CF2A3700E0646D /* Resources */,
			);
			buildRules = (
			);
			dependencies = (
			);
			name = FirstApp;
			productName = FirstApp;
			productReference = ECFBE52B23CF2A3700E0646D /* FirstApp.app */;
			productType = "com.apple.product-type.application";
		};
/* End PBXNativeTarget section */

/* Begin PBXProject section */
		ECFBE52323CF2A3700E0646D /* Project object */ = {
			isa = PBXProject;
			attributes = {
				LastSwiftUpdateCheck = 1130;
				LastUpgradeCheck = 1130;
				ORGANIZATIONNAME = "Annsh Singh";
				TargetAttributes = {
					EC37CEBA23D865E9002F52B2 = {
						CreatedOnToolsVersion = 11.3.1;
						TestTargetID = ECFBE52A23CF2A3700E0646D;
					};
					ECFBE52A23CF2A3700E0646D = {
						CreatedOnToolsVersion = 11.3.1;
					};
				};
			};
			buildConfigurationList = ECFBE52623CF2A3700E0646D /* Build configuration list for PBXProject "FirstApp" */;
			compatibilityVersion = "Xcode 9.3";
			developmentRegion = en;
			hasScannedForEncodings = 0;
			knownRegions = (
				en,
				Base,
			);
			mainGroup = ECFBE52223CF2A3700E0646D;
			productRefGroup = ECFBE52C23CF2A3700E0646D /* Products */;
			projectDirPath = "";
			projectRoot = "";
			targets = (
				ECFBE52A23CF2A3700E0646D /* FirstApp */,
				EC37CEBA23D865E9002F52B2 /* FirstAppTests */,
			);
		};
/* End PBXProject section */

/* Begin PBXResourcesBuildPhase section */
		EC37CEB923D865E9002F52B2 /* Resources */ = {
			isa = PBXResourcesBuildPhase;
			buildActionMask = 2147483647;
			files = (
			);
			runOnlyForDeploymentPostprocessing = 0;
		};
		ECFBE52923CF2A3700E0646D /* Resources */ = {
			isa = PBXResourcesBuildPhase;
			buildActionMask = 2147483647;
			files = (
				ECFBE53B23CF2A3800E0646D /* LaunchScreen.storyboard in Resources */,
				ECFBE53823CF2A3800E0646D /* Assets.xcassets in Resources */,
				ECFBE53623CF2A3700E0646D /* Main.storyboard in Resources */,
			);
			runOnlyForDeploymentPostprocessing = 0;
		};
/* End PBXResourcesBuildPhase section */

/* Begin PBXSourcesBuildPhase section */
		EC37CEB723D865E9002F52B2 /* Sources */ = {
			isa = PBXSourcesBuildPhase;
			buildActionMask = 2147483647;
			files = (
				EC37CEBE23D865E9002F52B2 /* FirstAppTests.swift in Sources */,
			);
			runOnlyForDeploymentPostprocessing = 0;
		};
		ECFBE52723CF2A3700E0646D /* Sources */ = {
			isa = PBXSourcesBuildPhase;
			buildActionMask = 2147483647;
			files = (
				EC37CEB423D85F16002F52B2 /* Meal.swift in Sources */,
				EC37CEB223D6DF3A002F52B2 /* RatingControl.swift in Sources */,
				EC37CEC823D9971E002F52B2 /* MealTableViewController.swift in Sources */,
				EC37CEC623D98710002F52B2 /* MealTableViewCell.swift in Sources */,
				ECFBE53323CF2A3700E0646D /* MealViewController.swift in Sources */,
				ECFBE52F23CF2A3700E0646D /* AppDelegate.swift in Sources */,
				ECFBE53123CF2A3700E0646D /* SceneDelegate.swift in Sources */,
			);
			runOnlyForDeploymentPostprocessing = 0;
		};
/* End PBXSourcesBuildPhase section */

/* Begin PBXTargetDependency section */
		EC37CEC123D865E9002F52B2 /* PBXTargetDependency */ = {
			isa = PBXTargetDependency;
			target = ECFBE52A23CF2A3700E0646D /* FirstApp */;
			targetProxy = EC37CEC023D865E9002F52B2 /* PBXContainerItemProxy */;
		};
/* End PBXTargetDependency section */

/* Begin PBXVariantGroup section */
		ECFBE53423CF2A3700E0646D /* Main.storyboard */ = {
			isa = PBXVariantGroup;
			children = (
				ECFBE53523CF2A3700E0646D /* Base */,
			);
			name = Main.storyboard;
			sourceTree = "<group>";
		};
		ECFBE53923CF2A3800E0646D /* LaunchScreen.storyboard */ = {
			isa = PBXVariantGroup;
			children = (
				ECFBE53A23CF2A3800E0646D /* Base */,
			);
			name = LaunchScreen.storyboard;
			sourceTree = "<group>";
		};
/* End PBXVariantGroup section */

/* Begin XCBuildConfiguration section */
		EC37CEC323D865E9002F52B2 /* Debug */ = {
			isa = XCBuildConfiguration;
			buildSettings = {
				BUNDLE_LOADER = "$(TEST_HOST)";
				CODE_SIGN_STYLE = Automatic;
				DEVELOPMENT_TEAM = HB2BXUQ92T;
				INFOPLIST_FILE = FirstAppTests/Info.plist;
				LD_RUNPATH_SEARCH_PATHS = (
					"$(inherited)",
					"@executable_path/Frameworks",
					"@loader_path/Frameworks",
				);
				PRODUCT_BUNDLE_IDENTIFIER = com.annsh.FirstAppTests;
				PRODUCT_NAME = "$(TARGET_NAME)";
				SWIFT_VERSION = 5.0;
				TARGETED_DEVICE_FAMILY = "1,2";
				TEST_HOST = "$(BUILT_PRODUCTS_DIR)/FirstApp.app/FirstApp";
			};
			name = Debug;
		};
		EC37CEC423D865E9002F52B2 /* Release */ = {
			isa = XCBuildConfiguration;
			buildSettings = {
				BUNDLE_LOADER = "$(TEST_HOST)";
				CODE_SIGN_STYLE = Automatic;
				DEVELOPMENT_TEAM = HB2BXUQ92T;
				INFOPLIST_FILE = FirstAppTests/Info.plist;
				LD_RUNPATH_SEARCH_PATHS = (
					"$(inherited)",
					"@executable_path/Frameworks",
					"@loader_path/Frameworks",
				);
				PRODUCT_BUNDLE_IDENTIFIER = com.annsh.FirstAppTests;
				PRODUCT_NAME = "$(TARGET_NAME)";
				SWIFT_VERSION = 5.0;
				TARGETED_DEVICE_FAMILY = "1,2";
				TEST_HOST = "$(BUILT_PRODUCTS_DIR)/FirstApp.app/FirstApp";
			};
			name = Release;
		};
		ECFBE53D23CF2A3800E0646D /* Debug */ = {
			isa = XCBuildConfiguration;
			buildSettings = {
				ALWAYS_SEARCH_USER_PATHS = NO;
				CLANG_ANALYZER_NONNULL = YES;
				CLANG_ANALYZER_NUMBER_OBJECT_CONVERSION = YES_AGGRESSIVE;
				CLANG_CXX_LANGUAGE_STANDARD = "gnu++14";
				CLANG_CXX_LIBRARY = "libc++";
				CLANG_ENABLE_MODULES = YES;
				CLANG_ENABLE_OBJC_ARC = YES;
				CLANG_ENABLE_OBJC_WEAK = YES;
				CLANG_WARN_BLOCK_CAPTURE_AUTORELEASING = YES;
				CLANG_WARN_BOOL_CONVERSION = YES;
				CLANG_WARN_COMMA = YES;
				CLANG_WARN_CONSTANT_CONVERSION = YES;
				CLANG_WARN_DEPRECATED_OBJC_IMPLEMENTATIONS = YES;
				CLANG_WARN_DIRECT_OBJC_ISA_USAGE = YES_ERROR;
				CLANG_WARN_DOCUMENTATION_COMMENTS = YES;
				CLANG_WARN_EMPTY_BODY = YES;
				CLANG_WARN_ENUM_CONVERSION = YES;
				CLANG_WARN_INFINITE_RECURSION = YES;
				CLANG_WARN_INT_CONVERSION = YES;
				CLANG_WARN_NON_LITERAL_NULL_CONVERSION = YES;
				CLANG_WARN_OBJC_IMPLICIT_RETAIN_SELF = YES;
				CLANG_WARN_OBJC_LITERAL_CONVERSION = YES;
				CLANG_WARN_OBJC_ROOT_CLASS = YES_ERROR;
				CLANG_WARN_RANGE_LOOP_ANALYSIS = YES;
				CLANG_WARN_STRICT_PROTOTYPES = YES;
				CLANG_WARN_SUSPICIOUS_MOVE = YES;
				CLANG_WARN_UNGUARDED_AVAILABILITY = YES_AGGRESSIVE;
				CLANG_WARN_UNREACHABLE_CODE = YES;
				CLANG_WARN__DUPLICATE_METHOD_MATCH = YES;
				COPY_PHASE_STRIP = NO;
				DEBUG_INFORMATION_FORMAT = dwarf;
				ENABLE_STRICT_OBJC_MSGSEND = YES;
				ENABLE_TESTABILITY = YES;
				GCC_C_LANGUAGE_STANDARD = gnu11;
				GCC_DYNAMIC_NO_PIC = NO;
				GCC_NO_COMMON_BLOCKS = YES;
				GCC_OPTIMIZATION_LEVEL = 0;
				GCC_PREPROCESSOR_DEFINITIONS = (
					"DEBUG=1",
					"$(inherited)",
				);
				GCC_WARN_64_TO_32_BIT_CONVERSION = YES;
				GCC_WARN_ABOUT_RETURN_TYPE = YES_ERROR;
				GCC_WARN_UNDECLARED_SELECTOR = YES;
				GCC_WARN_UNINITIALIZED_AUTOS = YES_AGGRESSIVE;
				GCC_WARN_UNUSED_FUNCTION = YES;
				GCC_WARN_UNUSED_VARIABLE = YES;
				IPHONEOS_DEPLOYMENT_TARGET = 13.2;
				MTL_ENABLE_DEBUG_INFO = INCLUDE_SOURCE;
				MTL_FAST_MATH = YES;
				ONLY_ACTIVE_ARCH = YES;
				SDKROOT = iphoneos;
				SWIFT_ACTIVE_COMPILATION_CONDITIONS = DEBUG;
				SWIFT_OPTIMIZATION_LEVEL = "-Onone";
			};
			name = Debug;
		};
		ECFBE53E23CF2A3800E0646D /* Release */ = {
			isa = XCBuildConfiguration;
			buildSettings = {
				ALWAYS_SEARCH_USER_PATHS = NO;
				CLANG_ANALYZER_NONNULL = YES;
				CLANG_ANALYZER_NUMBER_OBJECT_CONVERSION = YES_AGGRESSIVE;
				CLANG_CXX_LANGUAGE_STANDARD = "gnu++14";
				CLANG_CXX_LIBRARY = "libc++";
				CLANG_ENABLE_MODULES = YES;
				CLANG_ENABLE_OBJC_ARC = YES;
				CLANG_ENABLE_OBJC_WEAK = YES;
				CLANG_WARN_BLOCK_CAPTURE_AUTORELEASING = YES;
				CLANG_WARN_BOOL_CONVERSION = YES;
				CLANG_WARN_COMMA = YES;
				CLANG_WARN_CONSTANT_CONVERSION = YES;
				CLANG_WARN_DEPRECATED_OBJC_IMPLEMENTATIONS = YES;
				CLANG_WARN_DIRECT_OBJC_ISA_USAGE = YES_ERROR;
				CLANG_WARN_DOCUMENTATION_COMMENTS = YES;
				CLANG_WARN_EMPTY_BODY = YES;
				CLANG_WARN_ENUM_CONVERSION = YES;
				CLANG_WARN_INFINITE_RECURSION = YES;
				CLANG_WARN_INT_CONVERSION = YES;
				CLANG_WARN_NON_LITERAL_NULL_CONVERSION = YES;
				CLANG_WARN_OBJC_IMPLICIT_RETAIN_SELF = YES;
				CLANG_WARN_OBJC_LITERAL_CONVERSION = YES;
				CLANG_WARN_OBJC_ROOT_CLASS = YES_ERROR;
				CLANG_WARN_RANGE_LOOP_ANALYSIS = YES;
				CLANG_WARN_STRICT_PROTOTYPES = YES;
				CLANG_WARN_SUSPICIOUS_MOVE = YES;
				CLANG_WARN_UNGUARDED_AVAILABILITY = YES_AGGRESSIVE;
				CLANG_WARN_UNREACHABLE_CODE = YES;
				CLANG_WARN__DUPLICATE_METHOD_MATCH = YES;
				COPY_PHASE_STRIP = NO;
				DEBUG_INFORMATION_FORMAT = "dwarf-with-dsym";
				ENABLE_NS_ASSERTIONS = NO;
				ENABLE_STRICT_OBJC_MSGSEND = YES;
				GCC_C_LANGUAGE_STANDARD = gnu11;
				GCC_NO_COMMON_BLOCKS = YES;
				GCC_WARN_64_TO_32_BIT_CONVERSION = YES;
				GCC_WARN_ABOUT_RETURN_TYPE = YES_ERROR;
				GCC_WARN_UNDECLARED_SELECTOR = YES;
				GCC_WARN_UNINITIALIZED_AUTOS = YES_AGGRESSIVE;
				GCC_WARN_UNUSED_FUNCTION = YES;
				GCC_WARN_UNUSED_VARIABLE = YES;
				IPHONEOS_DEPLOYMENT_TARGET = 13.2;
				MTL_ENABLE_DEBUG_INFO = NO;
				MTL_FAST_MATH = YES;
				SDKROOT = iphoneos;
				SWIFT_COMPILATION_MODE = wholemodule;
				SWIFT_OPTIMIZATION_LEVEL = "-O";
				VALIDATE_PRODUCT = YES;
			};
			name = Release;
		};
		ECFBE54023CF2A3800E0646D /* Debug */ = {
			isa = XCBuildConfiguration;
			buildSettings = {
				ASSETCATALOG_COMPILER_APPICON_NAME = AppIcon;
				CODE_SIGN_STYLE = Automatic;
				DEVELOPMENT_TEAM = HB2BXUQ92T;
				INFOPLIST_FILE = FirstApp/Info.plist;
				IPHONEOS_DEPLOYMENT_TARGET = 12.0;
				LD_RUNPATH_SEARCH_PATHS = (
					"$(inherited)",
					"@executable_path/Frameworks",
				);
				PRODUCT_BUNDLE_IDENTIFIER = com.annsh.FirstApp;
				PRODUCT_NAME = "$(TARGET_NAME)";
				SWIFT_VERSION = 5.0;
				TARGETED_DEVICE_FAMILY = "1,2";
			};
			name = Debug;
		};
		ECFBE54123CF2A3800E0646D /* Release */ = {
			isa = XCBuildConfiguration;
			buildSettings = {
				ASSETCATALOG_COMPILER_APPICON_NAME = AppIcon;
				CODE_SIGN_STYLE = Automatic;
				DEVELOPMENT_TEAM = HB2BXUQ92T;
				INFOPLIST_FILE = FirstApp/Info.plist;
				IPHONEOS_DEPLOYMENT_TARGET = 12.0;
				LD_RUNPATH_SEARCH_PATHS = (
					"$(inherited)",
					"@executable_path/Frameworks",
				);
				PRODUCT_BUNDLE_IDENTIFIER = com.annsh.FirstApp;
				PRODUCT_NAME = "$(TARGET_NAME)";
				SWIFT_VERSION = 5.0;
				TARGETED_DEVICE_FAMILY = "1,2";
			};
			name = Release;
		};
/* End XCBuildConfiguration section */

/* Begin XCConfigurationList section */
		EC37CEC223D865E9002F52B2 /* Build configuration list for PBXNativeTarget "FirstAppTests" */ = {
			isa = XCConfigurationList;
			buildConfigurations = (
				EC37CEC323D865E9002F52B2 /* Debug */,
				EC37CEC423D865E9002F52B2 /* Release */,
			);
			defaultConfigurationIsVisible = 0;
			defaultConfigurationName = Release;
		};
		ECFBE52623CF2A3700E0646D /* Build configuration list for PBXProject "FirstApp" */ = {
			isa = XCConfigurationList;
			buildConfigurations = (
				ECFBE53D23CF2A3800E0646D /* Debug */,
				ECFBE53E23CF2A3800E0646D /* Release */,
			);
			defaultConfigurationIsVisible = 0;
			defaultConfigurationName = Release;
		};
		ECFBE53F23CF2A3800E0646D /* Build configuration list for PBXNativeTarget "FirstApp" */ = {
			isa = XCConfigurationList;
			buildConfigurations = (
				ECFBE54023CF2A3800E0646D /* Debug */,
				ECFBE54123CF2A3800E0646D /* Release */,
			);
			defaultConfigurationIsVisible = 0;
			defaultConfigurationName = Release;
		};
/* End XCConfigurationList section */
	};
	rootObject = ECFBE52323CF2A3700E0646D /* Project object */;
}
